
Microsoft Visual Studio Solution File, Format Version 12.00
# Visual Studio Version 16
VisualStudioVersion = 16.0.30011.22
MinimumVisualStudioVersion = 10.0.40219.1
Project("{FAE04EC0-301F-11D3-BF4B-00C04F79EFBC}") = "NoteApp", "NoteApp\NoteApp.csproj", "{41AA08B1-1F79-463A-B467-BC14930E9CFC}"
EndProject
Global
	GlobalSection(SolutionConfigurationPlatforms) = preSolution
		Debug|Any CPU = Debug|Any CPU
		Release|Any CPU = Release|Any CPU
	EndGlobalSection
	GlobalSection(ProjectConfigurationPlatforms) = postSolution
		{41AA08B1-1F79-463A-B467-BC14930E9CFC}.Debug|Any CPU.ActiveCfg = Debug|Any CPU
		{41AA08B1-1F79-463A-B467-BC14930E9CFC}.Debug|Any CPU.Build.0 = Debug|Any CPU
		{41AA08B1-1F79-463A-B467-BC14930E9CFC}.Release|Any CPU.ActiveCfg = Release|Any CPU
		{41AA08B1-1F79-463A-B467-BC14930E9CFC}.Release|Any CPU.Build.0 = Release|Any CPU
	EndGlobalSection
	GlobalSection(SolutionProperties) = preSolution
		HideSolutionNode = FALSE
	EndGlobalSection
	GlobalSection(ExtensibilityGlobals) = postSolution
		SolutionGuid = {F436A33B-4287-408D-9B9A-C615517AD52B}
	EndGlobalSection
EndGlobal
